{
  "name": "countryjs",
  "version": "1.8.0",
  "lockfileVersion": 3,
  "requires": true,
  "packages": {
    "": {
      "name": "countryjs",
      "version": "1.8.0",
      "engines": [
        "node"
      ],
      "license": "ISC",
      "dependencies": {
        "lodash": "^4.18.1",
        "require-all": "^2.2.0"
      },
      "devDependencies": {}
    },
    "node_modules/lodash": {
      "version": "4.18.1",
      "resolved": "https://registry.npmjs.org/lodash/-/lodash-4.18.1.tgz",
      "integrity": "sha512-dMInicTPVE8d1e5otfwmmjlxkZoUpiVLwyeTdUsi/Caj/gfzzblBcCE5sRHV/AsjuCmxWrte2TNGSYuCeCq+0Q==",
      "license": "MIT"
    },
    "node_modules/require-all": {
      "version": "2.2.0",
      "resolved": "https://registry.npmjs.org/require-all/-/require-all-2.2.0.tgz",
      "integrity": "sha512-YWj/WNCxs+KxppuN3j11Ztqzl8MI/oWj4ERwEwgJ5gsHzWi8OAK7FepPu8MLv/Rn8Pov6aPdpRkaoO2Tb6m+zQ==",
      "engines": {
        "node": "*"
      }
    }
  }
}
